
Microsoft Visual Studio Solution File, Format Version 12.00
# Visual Studio Express 2013 for Windows Desktop
VisualStudioVersion = 12.0.21005.1
MinimumVisualStudioVersion = 10.0.40219.1
Project("{8BC9CEB8-8B4A-11D0-8D11-00A0C91BC942}") = "md5cpp", "..\md5cpp\md5cpp.vcxproj", "{F1E1498D-5B11-4865-81FD-19BD7707AFF0}"
EndProject
Project("{8BC9CEB8-8B4A-11D0-8D11-00A0C91BC942}") = "ut_md5", "..\ut_md5\ut_md5.vcxproj", "{6C9D0155-AB7E-4A52-93FF-BAE4F8E7C38C}"
EndProject
Project("{8BC9CEB8-8B4A-11D0-8D11-00A0C91BC942}") = "md5cli", "..\md5cli\md5cli.vcxproj", "{AD81AE54-7A40-4557-BF9E-F14C77BABECA}"
EndProject
Global
	GlobalSection(SolutionConfigurationPlatforms) = preSolution
		Debug|Any CPU = Debug|Any CPU
		Debug|Mixed Platforms = Debug|Mixed Platforms
		Debug|Win32 = Debug|Win32
		Debug|x64 = Debug|x64
		Release|Any CPU = Release|Any CPU
		Release|Mixed Platforms = Release|Mixed Platforms
		Release|Win32 = Release|Win32
		Release|x64 = Release|x64
	EndGlobalSection
	GlobalSection(ProjectConfigurationPlatforms) = postSolution
		{F1E1498D-5B11-4865-81FD-19BD7707AFF0}.Debug|Any CPU.ActiveCfg = Debug|Win32
		{F1E1498D-5B11-4865-81FD-19BD7707AFF0}.Debug|Mixed Platforms.ActiveCfg = Debug|Win32
		{F1E1498D-5B11-4865-81FD-19BD7707AFF0}.Debug|Mixed Platforms.Build.0 = Debug|Win32
		{F1E1498D-5B11-4865-81FD-19BD7707AFF0}.Debug|Win32.ActiveCfg = Debug|Win32
		{F1E1498D-5B11-4865-81FD-19BD7707AFF0}.Debug|Win32.Build.0 = Debug|Win32
		{F1E1498D-5B11-4865-81FD-19BD7707AFF0}.Debug|x64.ActiveCfg = Debug|x64
		{F1E1498D-5B11-4865-81FD-19BD7707AFF0}.Debug|x64.Build.0 = Debug|x64
		{F1E1498D-5B11-4865-81FD-19BD7707AFF0}.Release|Any CPU.ActiveCfg = Release|Win32
		{F1E1498D-5B11-4865-81FD-19BD7707AFF0}.Release|Mixed Platforms.ActiveCfg = Release|Win32
		{F1E1498D-5B11-4865-81FD-19BD7707AFF0}.Release|Mixed Platforms.Build.0 = Release|Win32
		{F1E1498D-5B11-4865-81FD-19BD7707AFF0}.Release|Win32.ActiveCfg = Release|Win32
		{F1E1498D-5B11-4865-81FD-19BD7707AFF0}.Release|Win32.Build.0 = Release|Win32
		{F1E1498D-5B11-4865-81FD-19BD7707AFF0}.Release|x64.ActiveCfg = Release|x64
		{F1E1498D-5B11-4865-81FD-19BD7707AFF0}.Release|x64.Build.0 = Release|x64
		{6C9D0155-AB7E-4A52-93FF-BAE4F8E7C38C}.Debug|Any CPU.ActiveCfg = Debug|Win32
		{6C9D0155-AB7E-4A52-93FF-BAE4F8E7C38C}.Debug|Mixed Platforms.ActiveCfg = Debug|Win32
		{6C9D0155-AB7E-4A52-93FF-BAE4F8E7C38C}.Debug|Mixed Platforms.Build.0 = Debug|Win32
		{6C9D0155-AB7E-4A52-93FF-BAE4F8E7C38C}.Debug|Win32.ActiveCfg = Debug|Win32
		{6C9D0155-AB7E-4A52-93FF-BAE4F8E7C38C}.Debug|Win32.Build.0 = Debug|Win32
		{6C9D0155-AB7E-4A52-93FF-BAE4F8E7C38C}.Debug|x64.ActiveCfg = Debug|Win32
		{6C9D0155-AB7E-4A52-93FF-BAE4F8E7C38C}.Release|Any CPU.ActiveCfg = Release|Win32
		{6C9D0155-AB7E-4A52-93FF-BAE4F8E7C38C}.Release|Mixed Platforms.ActiveCfg = Release|Win32
		{6C9D0155-AB7E-4A52-93FF-BAE4F8E7C38C}.Release|Mixed Platforms.Build.0 = Release|Win32
		{6C9D0155-AB7E-4A52-93FF-BAE4F8E7C38C}.Release|Win32.ActiveCfg = Release|Win32
		{6C9D0155-AB7E-4A52-93FF-BAE4F8E7C38C}.Release|Win32.Build.0 = Release|Win32
		{6C9D0155-AB7E-4A52-93FF-BAE4F8E7C38C}.Release|x64.ActiveCfg = Release|x64
		{6C9D0155-AB7E-4A52-93FF-BAE4F8E7C38C}.Release|x64.Build.0 = Release|x64
		{AD81AE54-7A40-4557-BF9E-F14C77BABECA}.Debug|Any CPU.ActiveCfg = Debug|Win32
		{AD81AE54-7A40-4557-BF9E-F14C77BABECA}.Debug|Mixed Platforms.ActiveCfg = Debug|Win32
		{AD81AE54-7A40-4557-BF9E-F14C77BABECA}.Debug|Mixed Platforms.Build.0 = Debug|Win32
		{AD81AE54-7A40-4557-BF9E-F14C77BABECA}.Debug|Win32.ActiveCfg = Debug|Win32
		{AD81AE54-7A40-4557-BF9E-F14C77BABECA}.Debug|Win32.Build.0 = Debug|Win32
		{AD81AE54-7A40-4557-BF9E-F14C77BABECA}.Debug|x64.ActiveCfg = Debug|Win32
		{AD81AE54-7A40-4557-BF9E-F14C77BABECA}.Release|Any CPU.ActiveCfg = Release|Win32
		{AD81AE54-7A40-4557-BF9E-F14C77BABECA}.Release|Mixed Platforms.ActiveCfg = Release|Win32
		{AD81AE54-7A40-4557-BF9E-F14C77BABECA}.Release|Mixed Platforms.Build.0 = Release|Win32
		{AD81AE54-7A40-4557-BF9E-F14C77BABECA}.Release|Win32.ActiveCfg = Release|Win32
		{AD81AE54-7A40-4557-BF9E-F14C77BABECA}.Release|Win32.Build.0 = Release|Win32
		{AD81AE54-7A40-4557-BF9E-F14C77BABECA}.Release|x64.ActiveCfg = Release|x64
		{AD81AE54-7A40-4557-BF9E-F14C77BABECA}.Release|x64.Build.0 = Release|x64
	EndGlobalSection
	GlobalSection(SolutionProperties) = preSolution
		HideSolutionNode = FALSE
	EndGlobalSection
EndGlobal
